<?xml version="1.0" encoding="UTF-8"?>
<Scheme
   LastUpgradeVersion = "1010"
   version = "1.7">
   <BuildAction
      parallelizeBuildables = "YES"
      buildImplicitDependencies = "YES">
      <PostActions>
         <ExecutionAction
            ActionType = "Xcode.IDEStandardExecutionActionsCore.ExecutionActionType.ShellScriptAction">
            <ActionContent
               title = "Run Script"
               scriptText = "UNIVERSAL_OUTPUTFOLDER=${BUILD_DIR}/${CONFIGURATION}-Universal&#10;# Make sure the output directory exists&#10;mkdir -p &quot;${UNIVERSAL_OUTPUTFOLDER}&quot;&#10;# Next, work out if we&apos;re in SIMULATOR or REAL DEVICE&#10;xcodebuild -target AWSMobileClient -configuration ${CONFIGURATION} -sdk iphonesimulator ONLY_ACTIVE_ARCH=NO BUILD_DIR=&quot;${BUILD_DIR}&quot; BUILD_ROOT=&quot;${BUILD_ROOT}&quot; clean build&#10;xcodebuild -target &quot;${PROJECT_NAME}&quot; ONLY_ACTIVE_ARCH=NO -configuration ${CONFIGURATION} -sdk iphoneos  BUILD_DIR=&quot;${BUILD_DIR}&quot; BUILD_ROOT=&quot;${BUILD_ROOT}&quot; clean build&#10;# Step 2. Copy the framework structure (from iphoneos build) to the universal folder&#10;cp -RL &quot;${BUILD_DIR}/${CONFIGURATION}-iphoneos/AWSMobileClient.framework&quot; &quot;${UNIVERSAL_OUTPUTFOLDER}/&quot;&#10;cp -RL &quot;${BUILD_DIR}/${CONFIGURATION}-iphoneos/AWSAuthCore.framework&quot; &quot;${UNIVERSAL_OUTPUTFOLDER}/&quot;&#10;cp -RL &quot;${BUILD_DIR}/${CONFIGURATION}-iphoneos/AWSCognitoIdentityProvider.framework&quot; &quot;${UNIVERSAL_OUTPUTFOLDER}/&quot;&#10;cp -RL &quot;${BUILD_DIR}/${CONFIGURATION}-iphoneos/AWSCognitoIdentityProviderASF.framework&quot; &quot;${UNIVERSAL_OUTPUTFOLDER}/&quot;&#10;# Step 3. Copy Swift modules from iphonesimulator build (if it exists) to the copied framework directory&#10;BUILD_PRODUCTS=&quot;${SYMROOT}/../../../../Products&quot;&#10;cp -RL &quot;${BUILD_DIR}/Release-iphonesimulator/AWSMobileClient.framework/Modules/AWSMobileClient.swiftmodule/.&quot; &quot;${UNIVERSAL_OUTPUTFOLDER}/AWSMobileClient.framework/Modules/AWSMobileClient.swiftmodule&quot;&#10;cp -RL &quot;${BUILD_DIR}/Release-iphonesimulator/AWSAuthCore.framework/Modules/AWSAuthCore.swiftmodule/.&quot; &quot;${UNIVERSAL_OUTPUTFOLDER}/AWSAuthCore.framework/Modules/AWSAuthCore.swiftmodule&quot;&#10;cp -RL &quot;${BUILD_DIR}/Release-iphonesimulator/AWSCognitoIdentityProvider.framework/Modules/AWSCognitoIdentityProvider.swiftmodule/.&quot; &quot;${UNIVERSAL_OUTPUTFOLDER}/AWSCognitoIdentityProvider.framework/Modules/AWSCognitoIdentityProvider.swiftmodule&quot;&#10;cp -RL &quot;${BUILD_DIR}/Release-iphonesimulator/AWSCognitoIdentityProviderASF.framework/Modules/AWSCognitoIdentityProviderASF.swiftmodule/.&quot; &quot;${UNIVERSAL_OUTPUTFOLDER}/AWSCognitoIdentityProviderASF.framework/Modules/AWSCognitoIdentityProviderASF.swiftmodule&quot;&#10;# Step 4. Create universal binary file using lipo and place the combined executable in the copied framework directory&#10;lipo -create &quot;${BUILD_DIR}/${CONFIGURATION}-iphoneos/AWSMobileClient.framework/AWSMobileClient&quot; &quot;${BUILD_DIR}/Release-iphonesimulator/AWSMobileClient.framework/AWSMobileClient&quot; -output &quot;${UNIVERSAL_OUTPUTFOLDER}/AWSMobileClient.framework/AWSMobileClient&quot;&#10;lipo -create &quot;${BUILD_DIR}/${CONFIGURATION}-iphoneos/AWSAuthCore.framework/AWSAuthCore&quot; &quot;${BUILD_DIR}/Release-iphonesimulator/AWSAuthCore.framework/AWSAuthCore&quot; -output &quot;${UNIVERSAL_OUTPUTFOLDER}/AWSAuthCore.framework/AWSAuthCore&quot;&#10;lipo -create &quot;${BUILD_DIR}/${CONFIGURATION}-iphoneos/AWSCognitoIdentityProvider.framework/AWSCognitoIdentityProvider&quot; &quot;${BUILD_DIR}/Release-iphonesimulator/AWSCognitoIdentityProvider.framework/AWSCognitoIdentityProvider&quot; -output &quot;${UNIVERSAL_OUTPUTFOLDER}/AWSCognitoIdentityProvider.framework/AWSCognitoIdentityProvider&quot;&#10;lipo -create &quot;${BUILD_DIR}/${CONFIGURATION}-iphoneos/AWSCognitoIdentityProviderASF.framework/AWSCognitoIdentityProviderASF&quot; &quot;${BUILD_DIR}/Release-iphonesimulator/AWSCognitoIdentityProviderASF.framework/AWSCognitoIdentityProviderASF&quot; -output &quot;${UNIVERSAL_OUTPUTFOLDER}/AWSCognitoIdentityProviderASF.framework/AWSCognitoIdentityProviderASF&quot;&#10;# Step 5. Convenience step to copy the framework to the project&apos;s directory&#10;cp -R &quot;${UNIVERSAL_OUTPUTFOLDER}/AWSMobileClient.framework&quot; &quot;${PROJECT_DIR}&quot;&#10;cp -R &quot;${UNIVERSAL_OUTPUTFOLDER}/AWSAuthCore.framework&quot; &quot;${PROJECT_DIR}&quot;&#10;cp -R &quot;${UNIVERSAL_OUTPUTFOLDER}/AWSCognitoIdentityProvider.framework&quot; &quot;${PROJECT_DIR}&quot;&#10;cp -R &quot;${UNIVERSAL_OUTPUTFOLDER}/AWSCognitoIdentityProviderASF.framework&quot; &quot;${PROJECT_DIR}&quot;&#10;# Step 6. Convenience step to open the project&apos;s directory in Finder&#10;open &quot;${UNIVERSAL_OUTPUTFOLDER}&quot;&#10;&#10;&#10;">
               <EnvironmentBuildable>
                  <BuildableReference
                     BuildableIdentifier = "primary"
                     BlueprintIdentifier = "B5FC69001FAFA1AA004790CB"
                     BuildableName = "AWSMobileClient.framework"
                     BlueprintName = "AWSMobileClient"
                     ReferencedContainer = "container:AWSAuthSDK.xcodeproj">
                  </BuildableReference>
               </EnvironmentBuildable>
            </ActionContent>
         </ExecutionAction>
      </PostActions>
      <BuildActionEntries>
         <BuildActionEntry
            buildForTesting = "YES"
            buildForRunning = "YES"
            buildForProfiling = "YES"
            buildForArchiving = "YES"
            buildForAnalyzing = "YES">
            <BuildableReference
               BuildableIdentifier = "primary"
               BlueprintIdentifier = "B5FC69001FAFA1AA004790CB"
               BuildableName = "AWSMobileClient.framework"
               BlueprintName = "AWSMobileClient"
               ReferencedContainer = "container:AWSAuthSDK.xcodeproj">
            </BuildableReference>
         </BuildActionEntry>
      </BuildActionEntries>
   </BuildAction>
   <TestAction
      buildConfiguration = "Debug"
      selectedDebuggerIdentifier = "Xcode.DebuggerFoundation.Debugger.LLDB"
      selectedLauncherIdentifier = "Xcode.DebuggerFoundation.Launcher.LLDB"
      codeCoverageEnabled = "YES"
      shouldUseLaunchSchemeArgsEnv = "YES">
      <Testables>
         <TestableReference
            skipped = "NO"
            testExecutionOrdering = "random">
            <BuildableReference
               BuildableIdentifier = "primary"
               BlueprintIdentifier = "17CD4AA3218241AD00953483"
               BuildableName = "AWSMobileClientTests.xctest"
               BlueprintName = "AWSMobileClientTests"
               ReferencedContainer = "container:AWSAuthSDK.xcodeproj">
            </BuildableReference>
         </TestableReference>
         <TestableReference
            skipped = "NO">
            <BuildableReference
               BuildableIdentifier = "primary"
               BlueprintIdentifier = "177B8AE521E81B7D0051068F"
               BuildableName = "AWSAuthSDKTestAppUITests.xctest"
               BlueprintName = "AWSAuthSDKTestAppUITests"
               ReferencedContainer = "container:AWSAuthSDK.xcodeproj">
            </BuildableReference>
         </TestableReference>
      </Testables>
      <MacroExpansion>
         <BuildableReference
            BuildableIdentifier = "primary"
            BlueprintIdentifier = "B5FC69001FAFA1AA004790CB"
            BuildableName = "AWSMobileClient.framework"
            BlueprintName = "AWSMobileClient"
            ReferencedContainer = "container:AWSAuthSDK.xcodeproj">
         </BuildableReference>
      </MacroExpansion>
      <AdditionalOptions>
      </AdditionalOptions>
   </TestAction>
   <LaunchAction
      buildConfiguration = "Debug"
      selectedDebuggerIdentifier = "Xcode.DebuggerFoundation.Debugger.LLDB"
      selectedLauncherIdentifier = "Xcode.DebuggerFoundation.Launcher.LLDB"
      launchStyle = "0"
      useCustomWorkingDirectory = "NO"
      ignoresPersistentStateOnLaunch = "NO"
      debugDocumentVersioning = "YES"
      debugServiceExtension = "internal"
      allowLocationSimulation = "YES">
      <MacroExpansion>
         <BuildableReference
            BuildableIdentifier = "primary"
            BlueprintIdentifier = "B5FC69001FAFA1AA004790CB"
            BuildableName = "AWSMobileClient.framework"
            BlueprintName = "AWSMobileClient"
            ReferencedContainer = "container:AWSAuthSDK.xcodeproj">
         </BuildableReference>
      </MacroExpansion>
      <AdditionalOptions>
      </AdditionalOptions>
   </LaunchAction>
   <ProfileAction
      buildConfiguration = "Release"
      shouldUseLaunchSchemeArgsEnv = "YES"
      savedToolIdentifier = ""
      useCustomWorkingDirectory = "NO"
      debugDocumentVersioning = "YES">
      <MacroExpansion>
         <BuildableReference
            BuildableIdentifier = "primary"
            BlueprintIdentifier = "B5FC69001FAFA1AA004790CB"
            BuildableName = "AWSMobileClient.framework"
            BlueprintName = "AWSMobileClient"
            ReferencedContainer = "container:AWSAuthSDK.xcodeproj">
         </BuildableReference>
      </MacroExpansion>
   </ProfileAction>
   <AnalyzeAction
      buildConfiguration = "Debug">
   </AnalyzeAction>
   <ArchiveAction
      buildConfiguration = "Release"
      revealArchiveInOrganizer = "YES">
   </ArchiveAction>
</Scheme>
